
Microsoft Visual Studio Solution File, Format Version 12.00
# Visual Studio Version 17
VisualStudioVersion = 17.10.35122.118
MinimumVisualStudioVersion = 10.0.40219.1
Project("{FAE04EC0-301F-11D3-BF4B-00C04F79EFBC}") = "FoodRestaurant", "FoodRestaurant\FoodRestaurant.csproj", "{73F5C091-3557-4C9E-B33D-6C95FDC6A742}"
EndProject
Global
	GlobalSection(SolutionConfigurationPlatforms) = preSolution
		Debug|Any CPU = Debug|Any CPU
		Release|Any CPU = Release|Any CPU
	EndGlobalSection
	GlobalSection(ProjectConfigurationPlatforms) = postSolution
		{73F5C091-3557-4C9E-B33D-6C95FDC6A742}.Debug|Any CPU.ActiveCfg = Debug|Any CPU
		{73F5C091-3557-4C9E-B33D-6C95FDC6A742}.Debug|Any CPU.Build.0 = Debug|Any CPU
		{73F5C091-3557-4C9E-B33D-6C95FDC6A742}.Release|Any CPU.ActiveCfg = Release|Any CPU
		{73F5C091-3557-4C9E-B33D-6C95FDC6A742}.Release|Any CPU.Build.0 = Release|Any CPU
	EndGlobalSection
	GlobalSection(SolutionProperties) = preSolution
		HideSolutionNode = FALSE
	EndGlobalSection
	GlobalSection(ExtensibilityGlobals) = postSolution
		SolutionGuid = {98813E96-9478-4091-A111-554574413D1A}
	EndGlobalSection
EndGlobal
